
Microsoft Visual Studio Solution File, Format Version 12.00
# Visual Studio 15
VisualStudioVersion = 15.0.27004.2009
MinimumVisualStudioVersion = 10.0.40219.1
Project("{FAE04EC0-301F-11D3-BF4B-00C04F79EFBC}") = "UniTest", "UniTest\UniTest.csproj", "{093408C5-48A3-48D9-A7F3-62F9B6FE8A1F}"
EndProject
Project("{2150E333-8FDC-42A3-9474-1A3956D46DE8}") = "Solution Items", "Solution Items", "{11B5566A-8F40-4290-AE2A-BAB7E67BE596}"
EndProject
Project("{FAE04EC0-301F-11D3-BF4B-00C04F79EFBC}") = "Tumblr Tool UI", "Tumblr Tool UI\Tumblr Tool UI.csproj", "{40DA5FDE-C7F7-44BA-AF08-13B81810CA26}"
	ProjectSection(ProjectDependencies) = postProject
		{04506D1C-0E7E-4C9B-A07F-2EA358531AE9} = {04506D1C-0E7E-4C9B-A07F-2EA358531AE9}
	EndProjectSection
EndProject
Project("{FAE04EC0-301F-11D3-BF4B-00C04F79EFBC}") = "Tumblr Tool", "Tumbl Tool\Tumblr Tool.csproj", "{689B1768-CA91-483A-BD57-839D4BBD9944}"
EndProject
Project("{2150E333-8FDC-42A3-9474-1A3956D46DE8}") = "Documents", "Documents", "{7551F86E-F9E4-4946-B8BB-9B5433209D91}"
	ProjectSection(SolutionItems) = preProject
		Documents\Documentation and Screenshots.docx = Documents\Documentation and Screenshots.docx
		license.rtf = license.rtf
		Documents\Tumblr JSON Sample.json = Documents\Tumblr JSON Sample.json
		Documents\Tumblr XML Sample.xml = Documents\Tumblr XML Sample.xml
	EndProjectSection
EndProject
Project("{FAE04EC0-301F-11D3-BF4B-00C04F79EFBC}") = "KRBTabControl", "KRBTabControl\KRBTabControl.csproj", "{04506D1C-0E7E-4C9B-A07F-2EA358531AE9}"
EndProject
Global
	GlobalSection(SolutionConfigurationPlatforms) = preSolution
		CD_ROM|Any CPU = CD_ROM|Any CPU
		CD_ROM|Mixed Platforms = CD_ROM|Mixed Platforms
		CD_ROM|x86 = CD_ROM|x86
		Debug|Any CPU = Debug|Any CPU
		Debug|Mixed Platforms = Debug|Mixed Platforms
		Debug|x86 = Debug|x86
		DVD-5|Any CPU = DVD-5|Any CPU
		DVD-5|Mixed Platforms = DVD-5|Mixed Platforms
		DVD-5|x86 = DVD-5|x86
		Release|Any CPU = Release|Any CPU
		Release|Mixed Platforms = Release|Mixed Platforms
		Release|x86 = Release|x86
		SingleImage|Any CPU = SingleImage|Any CPU
		SingleImage|Mixed Platforms = SingleImage|Mixed Platforms
		SingleImage|x86 = SingleImage|x86
		Description = Tumblr Tools Solution
	EndGlobalSection
	GlobalSection(ProjectConfigurationPlatforms) = postSolution
		{093408C5-48A3-48D9-A7F3-62F9B6FE8A1F}.CD_ROM|Any CPU.ActiveCfg = Release|Any CPU
		{093408C5-48A3-48D9-A7F3-62F9B6FE8A1F}.CD_ROM|Any CPU.Build.0 = Release|Any CPU
		{093408C5-48A3-48D9-A7F3-62F9B6FE8A1F}.CD_ROM|Mixed Platforms.ActiveCfg = Release|Any CPU
		{093408C5-48A3-48D9-A7F3-62F9B6FE8A1F}.CD_ROM|Mixed Platforms.Build.0 = Release|Any CPU
		{093408C5-48A3-48D9-A7F3-62F9B6FE8A1F}.CD_ROM|x86.ActiveCfg = Release|Any CPU
		{093408C5-48A3-48D9-A7F3-62F9B6FE8A1F}.Debug|Any CPU.ActiveCfg = Debug|Any CPU
		{093408C5-48A3-48D9-A7F3-62F9B6FE8A1F}.Debug|Any CPU.Build.0 = Debug|Any CPU
		{093408C5-48A3-48D9-A7F3-62F9B6FE8A1F}.Debug|Mixed Platforms.ActiveCfg = Debug|Any CPU
		{093408C5-48A3-48D9-A7F3-62F9B6FE8A1F}.Debug|x86.ActiveCfg = Debug|Any CPU
		{093408C5-48A3-48D9-A7F3-62F9B6FE8A1F}.DVD-5|Any CPU.ActiveCfg = Debug|Any CPU
		{093408C5-48A3-48D9-A7F3-62F9B6FE8A1F}.DVD-5|Any CPU.Build.0 = Debug|Any CPU
		{093408C5-48A3-48D9-A7F3-62F9B6FE8A1F}.DVD-5|Mixed Platforms.ActiveCfg = Debug|Any CPU
		{093408C5-48A3-48D9-A7F3-62F9B6FE8A1F}.DVD-5|Mixed Platforms.Build.0 = Debug|Any CPU
		{093408C5-48A3-48D9-A7F3-62F9B6FE8A1F}.DVD-5|x86.ActiveCfg = Debug|Any CPU
		{093408C5-48A3-48D9-A7F3-62F9B6FE8A1F}.Release|Any CPU.ActiveCfg = Release|Any CPU
		{093408C5-48A3-48D9-A7F3-62F9B6FE8A1F}.Release|Any CPU.Build.0 = Release|Any CPU
		{093408C5-48A3-48D9-A7F3-62F9B6FE8A1F}.Release|Mixed Platforms.ActiveCfg = Release|Any CPU
		{093408C5-48A3-48D9-A7F3-62F9B6FE8A1F}.Release|x86.ActiveCfg = Release|Any CPU
		{093408C5-48A3-48D9-A7F3-62F9B6FE8A1F}.SingleImage|Any CPU.ActiveCfg = Release|Any CPU
		{093408C5-48A3-48D9-A7F3-62F9B6FE8A1F}.SingleImage|Any CPU.Build.0 = Release|Any CPU
		{093408C5-48A3-48D9-A7F3-62F9B6FE8A1F}.SingleImage|Mixed Platforms.ActiveCfg = Release|Any CPU
		{093408C5-48A3-48D9-A7F3-62F9B6FE8A1F}.SingleImage|Mixed Platforms.Build.0 = Release|Any CPU
		{093408C5-48A3-48D9-A7F3-62F9B6FE8A1F}.SingleImage|x86.ActiveCfg = Release|Any CPU
		{40DA5FDE-C7F7-44BA-AF08-13B81810CA26}.CD_ROM|Any CPU.ActiveCfg = Release|x86
		{40DA5FDE-C7F7-44BA-AF08-13B81810CA26}.CD_ROM|Mixed Platforms.ActiveCfg = Release|x86
		{40DA5FDE-C7F7-44BA-AF08-13B81810CA26}.CD_ROM|Mixed Platforms.Build.0 = Release|x86
		{40DA5FDE-C7F7-44BA-AF08-13B81810CA26}.CD_ROM|x86.ActiveCfg = Release|x86
		{40DA5FDE-C7F7-44BA-AF08-13B81810CA26}.CD_ROM|x86.Build.0 = Release|x86
		{40DA5FDE-C7F7-44BA-AF08-13B81810CA26}.Debug|Any CPU.ActiveCfg = Debug|x86
		{40DA5FDE-C7F7-44BA-AF08-13B81810CA26}.Debug|Mixed Platforms.ActiveCfg = Debug|x86
		{40DA5FDE-C7F7-44BA-AF08-13B81810CA26}.Debug|Mixed Platforms.Build.0 = Debug|x86
		{40DA5FDE-C7F7-44BA-AF08-13B81810CA26}.Debug|x86.ActiveCfg = Debug|x86
		{40DA5FDE-C7F7-44BA-AF08-13B81810CA26}.Debug|x86.Build.0 = Debug|x86
		{40DA5FDE-C7F7-44BA-AF08-13B81810CA26}.DVD-5|Any CPU.ActiveCfg = Debug|x86
		{40DA5FDE-C7F7-44BA-AF08-13B81810CA26}.DVD-5|Mixed Platforms.ActiveCfg = Debug|x86
		{40DA5FDE-C7F7-44BA-AF08-13B81810CA26}.DVD-5|Mixed Platforms.Build.0 = Debug|x86
		{40DA5FDE-C7F7-44BA-AF08-13B81810CA26}.DVD-5|x86.ActiveCfg = Debug|x86
		{40DA5FDE-C7F7-44BA-AF08-13B81810CA26}.DVD-5|x86.Build.0 = Debug|x86
		{40DA5FDE-C7F7-44BA-AF08-13B81810CA26}.Release|Any CPU.ActiveCfg = Release|x86
		{40DA5FDE-C7F7-44BA-AF08-13B81810CA26}.Release|Mixed Platforms.ActiveCfg = Release|x86
		{40DA5FDE-C7F7-44BA-AF08-13B81810CA26}.Release|Mixed Platforms.Build.0 = Release|x86
		{40DA5FDE-C7F7-44BA-AF08-13B81810CA26}.Release|x86.ActiveCfg = Release|x86
		{40DA5FDE-C7F7-44BA-AF08-13B81810CA26}.Release|x86.Build.0 = Release|x86
		{40DA5FDE-C7F7-44BA-AF08-13B81810CA26}.SingleImage|Any CPU.ActiveCfg = Release|x86
		{40DA5FDE-C7F7-44BA-AF08-13B81810CA26}.SingleImage|Mixed Platforms.ActiveCfg = Release|x86
		{40DA5FDE-C7F7-44BA-AF08-13B81810CA26}.SingleImage|Mixed Platforms.Build.0 = Release|x86
		{40DA5FDE-C7F7-44BA-AF08-13B81810CA26}.SingleImage|x86.ActiveCfg = Release|x86
		{40DA5FDE-C7F7-44BA-AF08-13B81810CA26}.SingleImage|x86.Build.0 = Release|x86
		{689B1768-CA91-483A-BD57-839D4BBD9944}.CD_ROM|Any CPU.ActiveCfg = Release|x86
		{689B1768-CA91-483A-BD57-839D4BBD9944}.CD_ROM|Mixed Platforms.ActiveCfg = Release|x86
		{689B1768-CA91-483A-BD57-839D4BBD9944}.CD_ROM|Mixed Platforms.Build.0 = Release|x86
		{689B1768-CA91-483A-BD57-839D4BBD9944}.CD_ROM|x86.ActiveCfg = Release|x86
		{689B1768-CA91-483A-BD57-839D4BBD9944}.CD_ROM|x86.Build.0 = Release|x86
		{689B1768-CA91-483A-BD57-839D4BBD9944}.Debug|Any CPU.ActiveCfg = Debug|x86
		{689B1768-CA91-483A-BD57-839D4BBD9944}.Debug|Mixed Platforms.ActiveCfg = Debug|x86
		{689B1768-CA91-483A-BD57-839D4BBD9944}.Debug|Mixed Platforms.Build.0 = Debug|x86
		{689B1768-CA91-483A-BD57-839D4BBD9944}.Debug|x86.ActiveCfg = Debug|x86
		{689B1768-CA91-483A-BD57-839D4BBD9944}.Debug|x86.Build.0 = Debug|x86
		{689B1768-CA91-483A-BD57-839D4BBD9944}.DVD-5|Any CPU.ActiveCfg = Debug|x86
		{689B1768-CA91-483A-BD57-839D4BBD9944}.DVD-5|Mixed Platforms.ActiveCfg = Debug|x86
		{689B1768-CA91-483A-BD57-839D4BBD9944}.DVD-5|Mixed Platforms.Build.0 = Debug|x86
		{689B1768-CA91-483A-BD57-839D4BBD9944}.DVD-5|x86.ActiveCfg = Debug|x86
		{689B1768-CA91-483A-BD57-839D4BBD9944}.DVD-5|x86.Build.0 = Debug|x86
		{689B1768-CA91-483A-BD57-839D4BBD9944}.Release|Any CPU.ActiveCfg = Release|x86
		{689B1768-CA91-483A-BD57-839D4BBD9944}.Release|Mixed Platforms.ActiveCfg = Release|x86
		{689B1768-CA91-483A-BD57-839D4BBD9944}.Release|Mixed Platforms.Build.0 = Release|x86
		{689B1768-CA91-483A-BD57-839D4BBD9944}.Release|x86.ActiveCfg = Release|x86
		{689B1768-CA91-483A-BD57-839D4BBD9944}.Release|x86.Build.0 = Release|x86
		{689B1768-CA91-483A-BD57-839D4BBD9944}.SingleImage|Any CPU.ActiveCfg = Release|x86
		{689B1768-CA91-483A-BD57-839D4BBD9944}.SingleImage|Mixed Platforms.ActiveCfg = Release|x86
		{689B1768-CA91-483A-BD57-839D4BBD9944}.SingleImage|Mixed Platforms.Build.0 = Release|x86
		{689B1768-CA91-483A-BD57-839D4BBD9944}.SingleImage|x86.ActiveCfg = Release|x86
		{689B1768-CA91-483A-BD57-839D4BBD9944}.SingleImage|x86.Build.0 = Release|x86
		{04506D1C-0E7E-4C9B-A07F-2EA358531AE9}.CD_ROM|Any CPU.ActiveCfg = Release|Any CPU
		{04506D1C-0E7E-4C9B-A07F-2EA358531AE9}.CD_ROM|Any CPU.Build.0 = Release|Any CPU
		{04506D1C-0E7E-4C9B-A07F-2EA358531AE9}.CD_ROM|Mixed Platforms.ActiveCfg = Release|Any CPU
		{04506D1C-0E7E-4C9B-A07F-2EA358531AE9}.CD_ROM|Mixed Platforms.Build.0 = Release|Any CPU
		{04506D1C-0E7E-4C9B-A07F-2EA358531AE9}.CD_ROM|x86.ActiveCfg = Release|Any CPU
		{04506D1C-0E7E-4C9B-A07F-2EA358531AE9}.CD_ROM|x86.Build.0 = Release|Any CPU
		{04506D1C-0E7E-4C9B-A07F-2EA358531AE9}.Debug|Any CPU.ActiveCfg = Debug|Any CPU
		{04506D1C-0E7E-4C9B-A07F-2EA358531AE9}.Debug|Any CPU.Build.0 = Debug|Any CPU
		{04506D1C-0E7E-4C9B-A07F-2EA358531AE9}.Debug|Mixed Platforms.ActiveCfg = Debug|Any CPU
		{04506D1C-0E7E-4C9B-A07F-2EA358531AE9}.Debug|Mixed Platforms.Build.0 = Debug|Any CPU
		{04506D1C-0E7E-4C9B-A07F-2EA358531AE9}.Debug|x86.ActiveCfg = Debug|Any CPU
		{04506D1C-0E7E-4C9B-A07F-2EA358531AE9}.Debug|x86.Build.0 = Debug|Any CPU
		{04506D1C-0E7E-4C9B-A07F-2EA358531AE9}.DVD-5|Any CPU.ActiveCfg = Debug|Any CPU
		{04506D1C-0E7E-4C9B-A07F-2EA358531AE9}.DVD-5|Any CPU.Build.0 = Debug|Any CPU
		{04506D1C-0E7E-4C9B-A07F-2EA358531AE9}.DVD-5|Mixed Platforms.ActiveCfg = Debug|Any CPU
		{04506D1C-0E7E-4C9B-A07F-2EA358531AE9}.DVD-5|Mixed Platforms.Build.0 = Debug|Any CPU
		{04506D1C-0E7E-4C9B-A07F-2EA358531AE9}.DVD-5|x86.ActiveCfg = Debug|Any CPU
		{04506D1C-0E7E-4C9B-A07F-2EA358531AE9}.DVD-5|x86.Build.0 = Debug|Any CPU
		{04506D1C-0E7E-4C9B-A07F-2EA358531AE9}.Release|Any CPU.ActiveCfg = Release|Any CPU
		{04506D1C-0E7E-4C9B-A07F-2EA358531AE9}.Release|Any CPU.Build.0 = Release|Any CPU
		{04506D1C-0E7E-4C9B-A07F-2EA358531AE9}.Release|Mixed Platforms.ActiveCfg = Release|Any CPU
		{04506D1C-0E7E-4C9B-A07F-2EA358531AE9}.Release|Mixed Platforms.Build.0 = Release|Any CPU
		{04506D1C-0E7E-4C9B-A07F-2EA358531AE9}.Release|x86.ActiveCfg = Release|Any CPU
		{04506D1C-0E7E-4C9B-A07F-2EA358531AE9}.Release|x86.Build.0 = Release|Any CPU
		{04506D1C-0E7E-4C9B-A07F-2EA358531AE9}.SingleImage|Any CPU.ActiveCfg = Release|Any CPU
		{04506D1C-0E7E-4C9B-A07F-2EA358531AE9}.SingleImage|Any CPU.Build.0 = Release|Any CPU
		{04506D1C-0E7E-4C9B-A07F-2EA358531AE9}.SingleImage|Mixed Platforms.ActiveCfg = Release|Any CPU
		{04506D1C-0E7E-4C9B-A07F-2EA358531AE9}.SingleImage|Mixed Platforms.Build.0 = Release|Any CPU
		{04506D1C-0E7E-4C9B-A07F-2EA358531AE9}.SingleImage|x86.ActiveCfg = Release|Any CPU
		{04506D1C-0E7E-4C9B-A07F-2EA358531AE9}.SingleImage|x86.Build.0 = Release|Any CPU
	EndGlobalSection
	GlobalSection(SolutionProperties) = preSolution
		HideSolutionNode = FALSE
	EndGlobalSection
	GlobalSection(ExtensibilityGlobals) = postSolution
		SolutionGuid = {EA324C63-0378-4DCA-97F2-F60BBDFB286F}
	EndGlobalSection
	GlobalSection(TestCaseManagementSettings) = postSolution
		CategoryFile = Tumblr Tool.vsmdi
	EndGlobalSection
EndGlobal
